version: 7
platforms:
- name: linux-64
  virtual-packages:
  - __unix=0=0
  - __linux=4.18
  - __glibc=2.28
  - __archspec=0=x86_64
environments:
  default:
    channels:
    - url: https://conda.anaconda.org/conda-forge/
    - url: https://conda.anaconda.org/bioconda/
    packages:
      linux-64:
      - conda: https://conda.anaconda.org/bioconda/linux-64/bedtools-2.31.1-hf5e1c6e_2.tar.bz2
      - conda: https://conda.anaconda.org/bioconda/linux-64/blast-2.15.0-pl5321h6f7f691_1.tar.bz2
      - conda: https://conda.anaconda.org/bioconda/linux-64/deacon-0.15.0-hdd79491_0.conda
      - conda: https://conda.anaconda.org/bioconda/linux-64/entrez-direct-25.3-he881be0_0.conda
      - conda: https://conda.anaconda.org/bioconda/linux-64/hmmer-3.4-hb6cb901_4.tar.bz2
      - conda: https://conda.anaconda.org/bioconda/linux-64/meryl-1.4.1-h9948957_2.tar.bz2
      - conda: https://conda.anaconda.org/bioconda/linux-64/ncbi-vdb-3.4.1-hd63eeec_0.conda
      - conda: https://conda.anaconda.org/bioconda/linux-64/perl-io-compress-2.216-pl5321h503566f_0.conda
      - conda: https://conda.anaconda.org/bioconda/linux-64/perl-json-xs-4.04-pl5321h9948957_0.conda
      - conda: https://conda.anaconda.org/bioconda/linux-64/perl-list-moreutils-xs-0.430-pl5321h7b50bb2_5.tar.bz2
      - conda: https://conda.anaconda.org/bioconda/linux-64/seqkit-2.13.0-he881be0_0.conda
      - conda: https://conda.anaconda.org/bioconda/noarch/barrnap-0.9-hdfd78af_4.tar.bz2
      - conda: https://conda.anaconda.org/bioconda/noarch/perl-archive-tar-3.12-pl5321hdfd78af_0.conda
      - conda: https://conda.anaconda.org/bioconda/noarch/perl-io-zlib-1.15-pl5321hdfd78af_1.tar.bz2
      - conda: https://conda.anaconda.org/bioconda/noarch/perl-json-4.11-pl5321hdfd78af_0.conda
      - conda: https://conda.anaconda.org/bioconda/noarch/perl-list-moreutils-0.430-pl5321hdfd78af_0.tar.bz2
      - conda: https://conda.anaconda.org/bioconda/noarch/perl-types-serialiser-1.01-pl5321hdfd78af_0.tar.bz2
      - conda: https://conda.anaconda.org/conda-forge/linux-64/_openmp_mutex-4.5-20_gnu.conda
      - conda: https://conda.anaconda.org/conda-forge/linux-64/biopython-1.87-py312h4c3975b_0.conda
      - conda: https://conda.anaconda.org/conda-forge/linux-64/bzip2-1.0.8-hda65f42_9.conda
      - conda: https://conda.anaconda.org/conda-forge/linux-64/c-ares-1.34.8-hb03c661_0.conda
      - conda: https://conda.anaconda.org/conda-forge/linux-64/curl-8.8.0-he654da7_1.conda
      - conda: https://conda.anaconda.org/conda-forge/linux-64/gsl-2.7-he838d99_0.tar.bz2
      - conda: https://conda.anaconda.org/conda-forge/linux-64/keyutils-1.6.3-hb9d3cd8_0.conda
      - conda: https://conda.anaconda.org/conda-forge/linux-64/krb5-1.21.3-h659f571_0.conda
      - conda: https://conda.anaconda.org/conda-forge/linux-64/ld_impl_linux-64-2.46.1-bootstrap_ha15bf96_2.conda
      - conda: https://conda.anaconda.org/conda-forge/linux-64/libblas-3.11.0-8_h4a7cf45_openblas.conda
      - conda: https://conda.anaconda.org/conda-forge/linux-64/libcblas-3.11.0-8_h0358290_openblas.conda
      - conda: https://conda.anaconda.org/conda-forge/linux-64/libcurl-8.8.0-hca28451_1.conda
      - conda: https://conda.anaconda.org/conda-forge/linux-64/libedit-3.1.20250104-pl5321h7949ede_0.conda
      - conda: https://conda.anaconda.org/conda-forge/linux-64/libev-4.33-hd590300_2.conda
      - conda: https://conda.anaconda.org/conda-forge/linux-64/libexpat-2.8.1-hecca717_1.conda
      - conda: https://conda.anaconda.org/conda-forge/linux-64/libffi-3.7.0-h3435931_0.conda
      - conda: https://conda.anaconda.org/conda-forge/linux-64/libgcc-15.2.0-he0feb66_19.conda
      - conda: https://conda.anaconda.org/conda-forge/linux-64/libgcc-ng-15.2.0-h69a702a_19.conda
      - conda: https://conda.anaconda.org/conda-forge/linux-64/libgfortran-15.2.0-h69a702a_19.conda
      - conda: https://conda.anaconda.org/conda-forge/linux-64/libgfortran-ng-15.2.0-h69a702a_19.conda
      - conda: https://conda.anaconda.org/conda-forge/linux-64/libgfortran5-15.2.0-h68bc16d_19.conda
      - conda: https://conda.anaconda.org/conda-forge/linux-64/libgomp-15.2.0-he0feb66_19.conda
      - conda: https://conda.anaconda.org/conda-forge/linux-64/libidn2-2.3.8-hfac485b_1.conda
      - conda: https://conda.anaconda.org/conda-forge/linux-64/liblapack-3.11.0-8_h47877c9_openblas.conda
      - conda: https://conda.anaconda.org/conda-forge/linux-64/liblzma-5.8.3-hb03c661_0.conda
      - conda: https://conda.anaconda.org/conda-forge/linux-64/liblzma-devel-5.8.3-hb03c661_0.conda
      - conda: https://conda.anaconda.org/conda-forge/linux-64/libnghttp2-1.58.0-h47da74e_1.conda
      - conda: https://conda.anaconda.org/conda-forge/linux-64/libnsl-2.0.1-hb9d3cd8_1.conda
      - conda: https://conda.anaconda.org/conda-forge/linux-64/libopenblas-0.3.33-pthreads_h94d23a6_0.conda
      - conda: https://conda.anaconda.org/conda-forge/linux-64/libsqlite-3.46.0-hde9e2c9_0.conda
      - conda: https://conda.anaconda.org/conda-forge/linux-64/libssh2-1.11.0-h0841786_0.conda
      - conda: https://conda.anaconda.org/conda-forge/linux-64/libstdcxx-15.2.0-h934c35e_19.conda
      - conda: https://conda.anaconda.org/conda-forge/linux-64/libstdcxx-ng-15.2.0-hdf11a46_19.conda
      - conda: https://conda.anaconda.org/conda-forge/linux-64/libunistring-0.9.10-h7f98852_0.tar.bz2
      - conda: https://conda.anaconda.org/conda-forge/linux-64/libuuid-2.42.2-h5347b49_0.conda
      - conda: https://conda.anaconda.org/conda-forge/linux-64/libxcrypt-4.4.36-hd590300_1.conda
      - conda: https://conda.anaconda.org/conda-forge/linux-64/libzlib-1.2.13-h4ab18f5_6.conda
      - conda: https://conda.anaconda.org/conda-forge/linux-64/mpi-1.0-openmpi.tar.bz2
      - conda: https://conda.anaconda.org/conda-forge/linux-64/ncbi-datasets-cli-18.33.1-ha770c72_0.conda
      - conda: https://conda.anaconda.org/conda-forge/linux-64/ncurses-6.6-hdb14827_0.conda
      - conda: https://conda.anaconda.org/conda-forge/linux-64/numpy-2.5.1-py312h33ff503_0.conda
      - conda: https://conda.anaconda.org/conda-forge/linux-64/openmpi-4.1.6-hc5af2df_101.conda
      - conda: https://conda.anaconda.org/conda-forge/linux-64/openssl-3.6.3-h35e630c_0.conda
      - conda: https://conda.anaconda.org/conda-forge/linux-64/pcre-8.45-h9c3ff4c_0.tar.bz2
      - conda: https://conda.anaconda.org/conda-forge/linux-64/perl-5.32.1-7_hd590300_perl5.conda
      - conda: https://conda.anaconda.org/conda-forge/linux-64/perl-compress-raw-bzip2-2.214-pl5321hda65f42_0.conda
      - conda: https://conda.anaconda.org/conda-forge/linux-64/perl-compress-raw-zlib-2.214-pl5321h4dac143_0.conda
      - conda: https://conda.anaconda.org/conda-forge/linux-64/perl-encode-3.24-pl5321hb03c661_0.conda
      - conda: https://conda.anaconda.org/conda-forge/linux-64/perl-pathtools-3.75-pl5321hb9d3cd8_2.conda
      - conda: https://conda.anaconda.org/conda-forge/linux-64/perl-scalar-list-utils-1.70-pl5321hb03c661_0.conda
      - conda: https://conda.anaconda.org/conda-forge/linux-64/perl-storable-3.15-pl5321hb9d3cd8_2.conda
      - conda: https://conda.anaconda.org/conda-forge/linux-64/python-3.12.3-hab00c5b_0_cpython.conda
      - conda: https://conda.anaconda.org/conda-forge/linux-64/readline-8.3-h853b02a_0.conda
      - conda: https://conda.anaconda.org/conda-forge/linux-64/tk-8.6.13-noxft_h4845f30_101.conda
      - conda: https://conda.anaconda.org/conda-forge/linux-64/wget-1.21.4-hda4d442_0.conda
      - conda: https://conda.anaconda.org/conda-forge/linux-64/xz-5.8.3-ha02ee65_0.conda
      - conda: https://conda.anaconda.org/conda-forge/linux-64/xz-gpl-tools-5.8.3-ha02ee65_0.conda
      - conda: https://conda.anaconda.org/conda-forge/linux-64/xz-tools-5.8.3-hb03c661_0.conda
      - conda: https://conda.anaconda.org/conda-forge/linux-64/zlib-1.2.13-h4ab18f5_6.conda
      - conda: https://conda.anaconda.org/conda-forge/linux-64/zstd-1.5.6-ha6fb4c9_0.conda
      - conda: https://conda.anaconda.org/conda-forge/noarch/ca-certificates-2026.7.22-hbd8a1cb_0.conda
      - conda: https://conda.anaconda.org/conda-forge/noarch/colorama-0.4.6-pyhd8ed1ab_1.conda
      - conda: https://conda.anaconda.org/conda-forge/noarch/exceptiongroup-1.3.1-pyhd8ed1ab_0.conda
      - conda: https://conda.anaconda.org/conda-forge/noarch/iniconfig-2.3.0-pyhd8ed1ab_0.conda
      - conda: https://conda.anaconda.org/conda-forge/noarch/packaging-26.2-pyhc364b38_0.conda
      - conda: https://conda.anaconda.org/conda-forge/noarch/perl-carp-1.50-pl5321hd8ed1ab_0.tar.bz2
      - conda: https://conda.anaconda.org/conda-forge/noarch/perl-common-sense-3.75-pl5321hd8ed1ab_0.tar.bz2
      - conda: https://conda.anaconda.org/conda-forge/noarch/perl-exporter-5.74-pl5321hd8ed1ab_0.tar.bz2
      - conda: https://conda.anaconda.org/conda-forge/noarch/perl-exporter-tiny-1.002002-pl5321hd8ed1ab_0.tar.bz2
      - conda: https://conda.anaconda.org/conda-forge/noarch/perl-extutils-makemaker-7.70-pl5321hd8ed1ab_0.conda
      - conda: https://conda.anaconda.org/conda-forge/noarch/perl-parent-0.243-pl5321hd8ed1ab_0.conda
      - conda: https://conda.anaconda.org/conda-forge/noarch/pluggy-1.6.0-pyhf9edf01_1.conda
      - conda: https://conda.anaconda.org/conda-forge/noarch/pygments-2.20.0-pyhd8ed1ab_0.conda
      - conda: https://conda.anaconda.org/conda-forge/noarch/pytest-8.4.2-pyhcf101f3_1.conda
      - conda: https://conda.anaconda.org/conda-forge/noarch/python_abi-3.12-8_cp312.conda
      - conda: https://conda.anaconda.org/conda-forge/noarch/tomli-2.4.1-pyhcf101f3_0.conda
      - conda: https://conda.anaconda.org/conda-forge/noarch/typing_extensions-4.16.0-pyhcf101f3_0.conda
      - conda: https://conda.anaconda.org/conda-forge/noarch/tzdata-2026c-h151e31d_0.conda
packages:
- conda: https://conda.anaconda.org/bioconda/linux-64/bedtools-2.31.1-hf5e1c6e_2.tar.bz2
  sha256: bb257aa49d4039bd24363d0d5d2948bfb4ae6de2245fe706b1152bfc2229da3f
  md5: 55aacbd977c83d6d4849c91310ef48c5
  depends:
  - bzip2 >=1.0.8,<2.0a0
  - libgcc-ng >=12
  - libstdcxx-ng >=12
  - libzlib >=1.2.13,<2.0a0
  - xz >=5.2.6,<6.0a0
  license: MIT
  size: 1601046
  timestamp: 1720647529569
- conda: https://conda.anaconda.org/bioconda/linux-64/blast-2.15.0-pl5321h6f7f691_1.tar.bz2
  sha256: 818ad0f0815d23159b3e79f56eba8be56da7f6351c485012600f83a5a84b07f5
  md5: f7e6a87317b5d00469d39a2d1ef2698f
  depends:
  - bzip2 >=1.0.8,<2.0a0
  - curl
  - entrez-direct
  - libgcc-ng >=12
  - libsqlite >=3.44.0,<4.0a0
  - libstdcxx-ng >=12
  - libzlib >=1.2.13,<1.3.0a0
  - ncbi-vdb >=3.0.8,<4.0a0
  - pcre >=8.45,<9.0a0
  - perl
  - perl-archive-tar
  - perl-json
  - perl-list-moreutils
  - zlib
  license: Public Domain
  size: 153081365
  timestamp: 1699645172522
- conda: https://conda.anaconda.org/bioconda/linux-64/deacon-0.15.0-hdd79491_0.conda
  sha256: 69c31e411d270f1311d31fceacb522ddea1b2ba3a04cbfa63e5669e919ecdee6
  md5: 310026878e1a138dfade306cc1ab0950
  depends:
  - openssl >=3.5.5,<4.0a0
  constrains:
  - __glibc >=2.17
  license: MIT
  size: 2160787
  timestamp: 1773419136781
- conda: https://conda.anaconda.org/bioconda/linux-64/entrez-direct-25.3-he881be0_0.conda
  sha256: f499a239d4af1c73622107468ea665e6eecf12815d9bbd7a4f80ddf50bed3599
  md5: 3705dffd926a633ce966a8aec3e15c0b
  depends:
  - wget
  license: Public Domain
  size: 16056545
  timestamp: 1775877974462
- conda: https://conda.anaconda.org/bioconda/linux-64/hmmer-3.4-hb6cb901_4.tar.bz2
  sha256: 604f55ee1f16a9f3c2d07f90eeb4331f5b9c1dca8ed1b70e0fea3bf81b140310
  md5: 689f962720e131fe4849e2909181120a
  depends:
  - gsl >=2.7,<2.8.0a0
  - libgcc >=13
  - openmpi >=4.1.6,<5.0a0
  license: BSD
  license_family: BSD
  size: 11913715
  timestamp: 1746006254153
- conda: https://conda.anaconda.org/bioconda/linux-64/meryl-1.4.1-h9948957_2.tar.bz2
  sha256: 42b7eebd975f5573dba7c67064f1435d3b5c153bbd197250ed9a1ed52dbf89bc
  md5: 8cc7bac18cd292cd438ac65222963646
  depends:
  - _openmp_mutex >=4.5
  - libgcc >=13
  - libstdcxx >=13
  license: Public Domain
  size: 456135
  timestamp: 1734085419094
- conda: https://conda.anaconda.org/bioconda/linux-64/ncbi-vdb-3.4.1-hd63eeec_0.conda
  sha256: 1c876e74214ef7269de12286e1b9b370e3167c0825d215de3b81bf46f3956072
  md5: 70de9f284c305131b458cf69676f1b2f
  depends:
  - libgcc >=14
  - libstdcxx >=14
  license: Public Domain
  size: 9227191
  timestamp: 1774474370894
- conda: https://conda.anaconda.org/bioconda/linux-64/perl-io-compress-2.216-pl5321h503566f_0.conda
  sha256: 5241c33cf55ba0cbfc0ccab96b4a31123761db00310eab4fedd7a95226c4fca7
  md5: 0784cb3c120f934a5fe61961c8238330
  depends:
  - libgcc >=13
  - libstdcxx >=13
  - perl >=5.32.1,<5.33.0a0 *_perl5
  - perl-compress-raw-bzip2 >=2.214
  - perl-compress-raw-zlib >=2.214
  - perl-encode
  - perl-scalar-list-utils
  license: Perl_5
  size: 87231
  timestamp: 1769815108308
- conda: https://conda.anaconda.org/bioconda/linux-64/perl-json-xs-4.04-pl5321h9948957_0.conda
  sha256: f16cf35917a5d75fb55cfc69d8651dc72ff4e06370142b447a4864f5de7d97c6
  md5: 7916b2e794393b3389535ba750f489da
  depends:
  - libgcc >=13
  - libstdcxx >=13
  - perl >=5.32.1,<5.33.0a0 *_perl5
  - perl-common-sense
  - perl-types-serialiser
  license: GPL-1.0-or-later OR Artistic-1.0-Perl
  size: 70770
  timestamp: 1757352008878
- conda: https://conda.anaconda.org/bioconda/linux-64/perl-list-moreutils-xs-0.430-pl5321h7b50bb2_5.tar.bz2
  sha256: fe2d360770fe5b856ee1e625eac6b07cea386c64b0866e323c6535eb62b9ceee
  md5: 9192770eb08524038c3fcf24e915b10c
  depends:
  - libgcc >=13
  - perl >=5.32.1,<5.33.0a0 *_perl5
  license: apache_2_0
  size: 51506
  timestamp: 1741776389435
- conda: https://conda.anaconda.org/bioconda/linux-64/seqkit-2.13.0-he881be0_0.conda
  sha256: 538ff4ab33819598e45939fe36ea7f4505afba62e90a7cbd95c6f63493aee6d4
  md5: d4e8a7c9d4b694e70552a84f662ea354
  license: MIT
  license_family: MIT
  size: 6910586
  timestamp: 1772198535227
- conda: https://conda.anaconda.org/bioconda/noarch/barrnap-0.9-hdfd78af_4.tar.bz2
  sha256: 28ee23b1ab54e33744b286aab2c93ca9084eeda03da6f6251ddfa2f2c3aa1ff0
  md5: da96203ff6df1a221c22dfde37951bdf
  depends:
  - bedtools
  - hmmer >=3.1b
  - perl
  license: GPLv3
  size: 570716
  timestamp: 1616772758647
- conda: https://conda.anaconda.org/bioconda/noarch/perl-archive-tar-3.12-pl5321hdfd78af_0.conda
  sha256: fb56a9489a87fc238fc70da7a2329495204eec30f7a5f5af1014a6fb22b528f4
  md5: 4ee2727440bf9b0b055c1f17a72701f6
  depends:
  - perl >=5.32.1,<6.0a0 *_perl5
  - perl-io-compress
  - perl-io-zlib
  - perl-pathtools
  license: Perl_5
  size: 38811
  timestamp: 1780439474451
- conda: https://conda.anaconda.org/bioconda/noarch/perl-io-zlib-1.15-pl5321hdfd78af_1.tar.bz2
  sha256: 771a44b338cac68a22893897450222b886e24bbb291b014897d561f2ba3b588f
  md5: db92645dabe9467115729e4479841b5d
  depends:
  - perl >=5.32.1,<6.0a0 *_perl5
  license: GPL-1.0-or-later OR Artistic-1.0-Perl
  size: 12760
  timestamp: 1752069858135
- conda: https://conda.anaconda.org/bioconda/noarch/perl-json-4.11-pl5321hdfd78af_0.conda
  sha256: 1c1649f491c76f4ae2984b547701df91c8abfda2e3b7b44e0c007f5e78a87c08
  md5: 56411755d21870a9ec16c76fd7b66dba
  depends:
  - perl >=5.32.1,<6.0a0 *_perl5
  - perl-json-xs
  license: GPL-1.0-or-later OR Artistic-1.0-Perl
  size: 52845
  timestamp: 1774152885168
- conda: https://conda.anaconda.org/bioconda/noarch/perl-list-moreutils-0.430-pl5321hdfd78af_0.tar.bz2
  sha256: 2190cc8430bb218ea80f5fc5e2bf75e4e20a27fb83e8c3cb789a18c32854a56c
  md5: 7f04c79d216d0f8e7b6d5a51de4aafa0
  depends:
  - perl >=5.32.1,<6.0a0 *_perl5
  - perl-exporter-tiny
  - perl-list-moreutils-xs >=0.430
  license: apache_2_0
  size: 32468
  timestamp: 1644871004171
- conda: https://conda.anaconda.org/bioconda/noarch/perl-types-serialiser-1.01-pl5321hdfd78af_0.tar.bz2
  sha256: 20f61217b16235d0161ad6fa0a234585afcc04ec5a6142c65b5867e26216dfe3
  md5: cfc65753e827bbef80c00eaa395f6ae7
  depends:
  - perl >=5.32.1,<6.0a0 *_perl5
  - perl-common-sense
  license: perl_5
  size: 13136
  timestamp: 1644512391683
- conda: https://conda.anaconda.org/conda-forge/linux-64/_openmp_mutex-4.5-20_gnu.conda
  build_number: 20
  sha256: 1dd3fffd892081df9726d7eb7e0dea6198962ba775bd88842135a4ddb4deb3c9
  md5: a9f577daf3de00bca7c3c76c0ecbd1de
  depends:
  - __glibc >=2.17,<3.0.a0
  - libgomp >=7.5.0
  constrains:
  - openmp_impl <0.0a0
  license: BSD-3-Clause
  license_family: BSD
  run_exports:
    strong:
    - _openmp_mutex >=4.5
  size: 28948
  timestamp: 1770939786096
- conda: https://conda.anaconda.org/conda-forge/linux-64/biopython-1.87-py312h4c3975b_0.conda
  sha256: 8439485bab2f8ae5af4069b624d76186939c5218d3fdf33c49fc67a48605ccc5
  md5: 2eb5b71dfcfb2a316d0307eb696bf11e
  depends:
  - __glibc >=2.17,<3.0.a0
  - libgcc >=14
  - numpy
  - python >=3.12,<3.13.0a0
  - python_abi 3.12.* *_cp312
  license: LicenseRef-Biopython
  run_exports: {}
  size: 3306754
  timestamp: 1774882187035
- conda: https://conda.anaconda.org/conda-forge/linux-64/bzip2-1.0.8-hda65f42_9.conda
  sha256: 0b75d45f0bba3e95dc693336fa51f40ea28c980131fec438afb7ce6118ed05f6
  md5: d2ffd7602c02f2b316fd921d39876885
  depends:
  - __glibc >=2.17,<3.0.a0
  - libgcc >=14
  license: bzip2-1.0.6
  license_family: BSD
  run_exports:
    weak:
    - bzip2 >=1.0.8,<2.0a0
  size: 260182
  timestamp: 1771350215188
- conda: https://conda.anaconda.org/conda-forge/linux-64/c-ares-1.34.8-hb03c661_0.conda
  sha256: dee93a82d045f9aa8277829aa465224afa3c7a6ac18388de66099b2be7f705e7
  md5: 6130ad6705adc993b5d8482b7f66e01f
  depends:
  - __glibc >=2.17,<3.0.a0
  - libgcc >=14
  license: MIT
  license_family: MIT
  run_exports:
    weak:
    - c-ares >=1.34.8,<2.0a0
  size: 210929
  timestamp: 1784091008551
- conda: https://conda.anaconda.org/conda-forge/linux-64/curl-8.8.0-he654da7_1.conda
  sha256: a7bb4f8d1cba26c238cd0469b7bdcdc032cf06b0ac0de09992638744eaab9954
  md5: 78678b2ddfd9bd7c7861b8d2e3b7473b
  depends:
  - krb5 >=1.21.3,<1.22.0a0
  - libcurl 8.8.0 hca28451_1
  - libgcc-ng >=12
  - libssh2 >=1.11.0,<2.0a0
  - libzlib >=1.2.13,<2.0a0
  - openssl >=3.3.1,<4.0a0
  - zstd >=1.5.6,<1.6.0a0
  license: curl
  license_family: MIT
  run_exports: {}
  size: 166499
  timestamp: 1719602741040
- conda: https://conda.anaconda.org/conda-forge/linux-64/gsl-2.7-he838d99_0.tar.bz2
  sha256: 132a918b676dd1f533d7c6f95e567abf7081a6ea3251c3280de35ef600e0da87
  md5: fec079ba39c9cca093bf4c00001825de
  depends:
  - libblas >=3.8.0,<4.0a0
  - libcblas >=3.8.0,<4.0a0
  - libgcc-ng >=9.3.0
  license: GPL-3.0-or-later
  license_family: GPL
  run_exports:
    weak:
    - gsl >=2.7,<2.8.0a0
  size: 3376423
  timestamp: 1626369596591
- conda: https://conda.anaconda.org/conda-forge/linux-64/keyutils-1.6.3-hb9d3cd8_0.conda
  sha256: 0960d06048a7185d3542d850986d807c6e37ca2e644342dd0c72feefcf26c2a4
  md5: b38117a3c920364aff79f870c984b4a3
  depends:
  - __glibc >=2.17,<3.0.a0
  - libgcc >=13
  license: LGPL-2.1-or-later
  run_exports:
    weak:
    - keyutils >=1.6.3,<2.0a0
  size: 134088
  timestamp: 1754905959823
- conda: https://conda.anaconda.org/conda-forge/linux-64/krb5-1.21.3-h659f571_0.conda
  sha256: 99df692f7a8a5c27cd14b5fb1374ee55e756631b9c3d659ed3ee60830249b238
  md5: 3f43953b7d3fb3aaa1d0d0723d91e368
  depends:
  - keyutils >=1.6.1,<2.0a0
  - libedit >=3.1.20191231,<3.2.0a0
  - libedit >=3.1.20191231,<4.0a0
  - libgcc-ng >=12
  - libstdcxx-ng >=12
  - openssl >=3.3.1,<4.0a0
  license: MIT
  license_family: MIT
  run_exports:
    weak:
    - krb5 >=1.21.3,<1.22.0a0
  size: 1370023
  timestamp: 1719463201255
- conda: https://conda.anaconda.org/conda-forge/linux-64/ld_impl_linux-64-2.46.1-bootstrap_ha15bf96_2.conda
  sha256: 87a2158a8f16f8082f8d57282ef8f7b56dee8647b95919948cf03df91574edeb
  md5: 2c238120d4d57c422d6671036eae76a8
  depends:
  - __glibc >=2.17,<3.0.a0
  constrains:
  - binutils_impl_linux-64 2.46.1
  license: GPL-3.0-only
  license_family: GPL
  run_exports: {}
  size: 744588
  timestamp: 1784214414025
- conda: https://conda.anaconda.org/conda-forge/linux-64/libblas-3.11.0-8_h4a7cf45_openblas.conda
  build_number: 8
  sha256: b2da6bfd72a1c9cb143ccf64bf5b28790cb4eb58bd1cb978f6537b2322f7d48b
  md5: 00fc660ab1b2f5ca07e92b4900d10c79
  depends:
  - libopenblas >=0.3.33,<0.3.34.0a0
  - libopenblas >=0.3.33,<1.0a0
  constrains:
  - blas 2.308   openblas
  - mkl <2027
  - libcblas   3.11.0   8*_openblas
  - liblapack  3.11.0   8*_openblas
  - liblapacke 3.11.0   8*_openblas
  license: BSD-3-Clause
  license_family: BSD
  run_exports:
    weak:
    - libblas >=3.11.0,<4.0a0
  size: 18804
  timestamp: 1779859100675
- conda: https://conda.anaconda.org/conda-forge/linux-64/libcblas-3.11.0-8_h0358290_openblas.conda
  build_number: 8
  sha256: 1a2bc77bb26520255904a3d9b1f40e6bf0bf9d8d3405c7709dd162282820915a
  md5: 33a413f1095f8325e5c30fde3b0d2445
  depends:
  - libblas 3.11.0 8_h4a7cf45_openblas
  constrains:
  - blas 2.308   openblas
  - liblapacke 3.11.0   8*_openblas
  - liblapack  3.11.0   8*_openblas
  license: BSD-3-Clause
  license_family: BSD
  run_exports:
    weak:
    - libcblas >=3.11.0,<4.0a0
  size: 18778
  timestamp: 1779859107964
- conda: https://conda.anaconda.org/conda-forge/linux-64/libcurl-8.8.0-hca28451_1.conda
  sha256: 6b5b64cdcdb643368ebe236de07eedee99b025bb95129bbe317c46e5bdc693f3
  md5: b8afb3e3cb3423cc445cf611ab95fdb0
  depends:
  - krb5 >=1.21.3,<1.22.0a0
  - libgcc-ng >=12
  - libnghttp2 >=1.58.0,<2.0a0
  - libssh2 >=1.11.0,<2.0a0
  - libzlib >=1.2.13,<2.0a0
  - openssl >=3.3.1,<4.0a0
  - zstd >=1.5.6,<1.6.0a0
  license: curl
  license_family: MIT
  run_exports:
    weak:
    - libcurl >=8.8.0,<9.0a0
  size: 410158
  timestamp: 1719602718702
- conda: https://conda.anaconda.org/conda-forge/linux-64/libedit-3.1.20250104-pl5321h7949ede_0.conda
  sha256: d789471216e7aba3c184cd054ed61ce3f6dac6f87a50ec69291b9297f8c18724
  md5: c277e0a4d549b03ac1e9d6cbbe3d017b
  depends:
  - ncurses
  - __glibc >=2.17,<3.0.a0
  - libgcc >=13
  - ncurses >=6.5,<7.0a0
  license: BSD-2-Clause
  license_family: BSD
  run_exports:
    weak:
    - libedit >=3.1.20250104,<3.2.0a0
  size: 134676
  timestamp: 1738479519902
- conda: https://conda.anaconda.org/conda-forge/linux-64/libev-4.33-hd590300_2.conda
  sha256: 1cd6048169fa0395af74ed5d8f1716e22c19a81a8a36f934c110ca3ad4dd27b4
  md5: 172bf1cd1ff8629f2b1179945ed45055
  depends:
  - libgcc-ng >=12
  license: BSD-2-Clause
  license_family: BSD
  run_exports:
    weak:
    - libev >=4.33,<4.34.0a0
  size: 112766
  timestamp: 1702146165126
- conda: https://conda.anaconda.org/conda-forge/linux-64/libexpat-2.8.1-hecca717_1.conda
  sha256: 16feffd9ddbbe5b718515d38ee376c685ba95491cd901244e24671d20b952a77
  md5: b24d3c612f71e7aa74158d92106318b2
  depends:
  - __glibc >=2.17,<3.0.a0
  - libgcc >=14
  constrains:
  - expat 2.8.1.*
  license: MIT
  license_family: MIT
  run_exports: {}
  size: 77856
  timestamp: 1781203599810
- conda: https://conda.anaconda.org/conda-forge/linux-64/libffi-3.7.0-h3435931_0.conda
  sha256: ac38603008bf1e99b8ed379b1a656a67a70e2841f2b6a069c630cdf6316012d2
  md5: 0abe40a9880086ca4d2e5daf09dceff9
  depends:
  - __glibc >=2.17,<3.0.a0
  - libgcc >=14
  license: MIT
  license_family: MIT
  run_exports:
    weak:
    - libffi >=3.7.0,<3.8.0a0
  size: 67576
  timestamp: 1783520858222
- conda: https://conda.anaconda.org/conda-forge/linux-64/libgcc-15.2.0-he0feb66_19.conda
  sha256: 8e0a3b5e41272e5678499b5dfc4cddb673f9e935de01eb0767ce857001229f46
  md5: 57736f29cc2b0ec0b6c2952d3f101b6a
  depends:
  - __glibc >=2.17,<3.0.a0
  - _openmp_mutex >=4.5
  constrains:
  - libgcc-ng ==15.2.0=*_19
  - libgomp 15.2.0 he0feb66_19
  license: GPL-3.0-only WITH GCC-exception-3.1
  license_family: GPL
  run_exports: {}
  size: 1041084
  timestamp: 1778269013026
- conda: https://conda.anaconda.org/conda-forge/linux-64/libgcc-ng-15.2.0-h69a702a_19.conda
  sha256: 9dcf54adfaa5e861123c2da4f2f0451a685464ea7e5a41ad91cf67b31d658d98
  md5: 331ee9b72b9dff570d56b1302c5ab37d
  depends:
  - libgcc 15.2.0 he0feb66_19
  license: GPL-3.0-only WITH GCC-exception-3.1
  license_family: GPL
  run_exports:
    strong:
    - libgcc
  size: 27694
  timestamp: 1778269016987
- conda: https://conda.anaconda.org/conda-forge/linux-64/libgfortran-15.2.0-h69a702a_19.conda
  sha256: 561a42758ef25b9ce308c4e2cf56daee4f06138385a17e29a492cd928e00be6f
  md5: 42bf7eca1a951735fa06c0e3c0d5c8e6
  depends:
  - libgfortran5 15.2.0 h68bc16d_19
  constrains:
  - libgfortran-ng ==15.2.0=*_19
  license: GPL-3.0-only WITH GCC-exception-3.1
  license_family: GPL
  run_exports: {}
  size: 27655
  timestamp: 1778269042954
- conda: https://conda.anaconda.org/conda-forge/linux-64/libgfortran-ng-15.2.0-h69a702a_19.conda
  sha256: 9ca1d254a3e44e608abec6186b18d372cec21e5253e6da9750f4a8f4780ea0bb
  md5: 35d07243abf828674d273aecd1dd537e
  depends:
  - libgfortran 15.2.0 h69a702a_19
  license: GPL-3.0-only WITH GCC-exception-3.1
  license_family: GPL
  run_exports:
    strong:
    - libgfortran
  size: 27727
  timestamp: 1778269220455
- conda: https://conda.anaconda.org/conda-forge/linux-64/libgfortran5-15.2.0-h68bc16d_19.conda
  sha256: 057978bb69fea29ed715a9b98adf71015c31baecc4aeb2bfc20d4fd5d83579d4
  md5: 85072b0ad177c966294f129b7c04a2d5
  depends:
  - __glibc >=2.17,<3.0.a0
  - libgcc >=15.2.0
  constrains:
  - libgfortran 15.2.0
  license: GPL-3.0-only WITH GCC-exception-3.1
  license_family: GPL
  run_exports: {}
  size: 2483673
  timestamp: 1778269025089
- conda: https://conda.anaconda.org/conda-forge/linux-64/libgomp-15.2.0-he0feb66_19.conda
  sha256: 5abe4ab9d93f6c9757d654f1969ae2267d4505315c1f2f8fe705fd60af084f1b
  md5: faac990cb7aedc7f3a2224f2c9b0c26c
  depends:
  - __glibc >=2.17,<3.0.a0
  license: GPL-3.0-only WITH GCC-exception-3.1
  license_family: GPL
  run_exports:
    strong:
    - _openmp_mutex >=4.5
  size: 603817
  timestamp: 1778268942614
- conda: https://conda.anaconda.org/conda-forge/linux-64/libidn2-2.3.8-hfac485b_1.conda
  sha256: cc38c900b9a20fe75e61cbb594e749c57a06d96510722f5ddfa309682062b065
  md5: 842a81de672ddcf476337c8bde3cad33
  depends:
  - __glibc >=2.17,<3.0.a0
  - libgcc >=14
  - libunistring >=0,<1.0a0
  license: LGPL-2.0-only
  license_family: LGPL
  run_exports:
    weak:
    - libidn2 >=2,<3.0a0
  size: 139036
  timestamp: 1760385590993
- conda: https://conda.anaconda.org/conda-forge/linux-64/liblapack-3.11.0-8_h47877c9_openblas.conda
  build_number: 8
  sha256: 168e327d737059553e15cc6ec36d76b9bbb3931c2a7721555fd68b4c9348b247
  md5: 809be8ba8712c77bc7d44c2d99390dc4
  depends:
  - libblas 3.11.0 8_h4a7cf45_openblas
  constrains:
  - blas 2.308   openblas
  - libcblas   3.11.0   8*_openblas
  - liblapacke 3.11.0   8*_openblas
  license: BSD-3-Clause
  license_family: BSD
  run_exports:
    weak:
    - liblapack >=3.11.0,<3.12.0a0
  size: 18790
  timestamp: 1779859115086
- conda: https://conda.anaconda.org/conda-forge/linux-64/liblzma-5.8.3-hb03c661_0.conda
  sha256: ec30e52a3c1bf7d0425380a189d209a52baa03f22fb66dd3eb587acaa765bd6d
  md5: b88d90cad08e6bc8ad540cb310a761fb
  depends:
  - __glibc >=2.17,<3.0.a0
  - libgcc >=14
  constrains:
  - xz 5.8.3.*
  license: 0BSD
  run_exports:
    weak:
    - liblzma >=5.8.3,<6.0a0
  size: 113478
  timestamp: 1775825492909
- conda: https://conda.anaconda.org/conda-forge/linux-64/liblzma-devel-5.8.3-hb03c661_0.conda
  sha256: 7858f6a173206bc8a5bdc8e75690483bb66c0dcc3809ac1cb43c561a4723623a
  md5: 55c20edec8e90c4703787acaade60808
  depends:
  - __glibc >=2.17,<3.0.a0
  - libgcc >=14
  - liblzma 5.8.3 hb03c661_0
  license: 0BSD
  run_exports:
    weak:
    - liblzma >=5.8.3,<6.0a0
  size: 491429
  timestamp: 1775825511214
- conda: https://conda.anaconda.org/conda-forge/linux-64/libnghttp2-1.58.0-h47da74e_1.conda
  sha256: 1910c5306c6aa5bcbd623c3c930c440e9c77a5a019008e1487810e3c1d3716cb
  md5: 700ac6ea6d53d5510591c4344d5c989a
  depends:
  - c-ares >=1.23.0,<2.0a0
  - libev >=4.33,<4.34.0a0
  - libev >=4.33,<5.0a0
  - libgcc-ng >=12
  - libstdcxx-ng >=12
  - libzlib >=1.2.13,<2.0.0a0
  - openssl >=3.2.0,<4.0a0
  license: MIT
  license_family: MIT
  run_exports:
    weak:
    - libnghttp2 >=1.58.0,<2.0a0
  size: 631936
  timestamp: 1702130036271
- conda: https://conda.anaconda.org/conda-forge/linux-64/libnsl-2.0.1-hb9d3cd8_1.conda
  sha256: 927fe72b054277cde6cb82597d0fcf6baf127dcbce2e0a9d8925a68f1265eef5
  md5: d864d34357c3b65a4b731f78c0801dc4
  depends:
  - __glibc >=2.17,<3.0.a0
  - libgcc >=13
  license: LGPL-2.1-only
  license_family: GPL
  run_exports:
    weak:
    - libnsl >=2.0.1,<2.1.0a0
  size: 33731
  timestamp: 1750274110928
- conda: https://conda.anaconda.org/conda-forge/linux-64/libopenblas-0.3.33-pthreads_h94d23a6_0.conda
  sha256: 3d9aa85648e5e18a6d66db98b8c4317cc426721ad7a220aa86330d1ccedc8903
  md5: 2d3278b721e40468295ca755c3b84070
  depends:
  - __glibc >=2.17,<3.0.a0
  - libgcc >=14
  - libgfortran
  - libgfortran5 >=14.3.0
  constrains:
  - openblas >=0.3.33,<0.3.34.0a0
  license: BSD-3-Clause
  license_family: BSD
  run_exports:
    weak:
    - libopenblas >=0.3.33,<1.0a0
  size: 5931919
  timestamp: 1776993658641
- conda: https://conda.anaconda.org/conda-forge/linux-64/libsqlite-3.46.0-hde9e2c9_0.conda
  sha256: daee3f68786231dad457d0dfde3f7f1f9a7f2018adabdbb864226775101341a8
  md5: 18aa975d2094c34aef978060ae7da7d8
  depends:
  - libgcc-ng >=12
  - libzlib >=1.2.13,<2.0a0
  license: Unlicense
  run_exports:
    weak:
    - libsqlite >=3.46.0,<4.0a0
  size: 865346
  timestamp: 1718050628718
- conda: https://conda.anaconda.org/conda-forge/linux-64/libssh2-1.11.0-h0841786_0.conda
  sha256: 50e47fd9c4f7bf841a11647ae7486f65220cfc988ec422a4475fe8d5a823824d
  md5: 1f5a58e686b13bcfde88b93f547d23fe
  depends:
  - libgcc-ng >=12
  - libzlib >=1.2.13,<2.0.0a0
  - openssl >=3.1.1,<4.0a0
  license: BSD-3-Clause
  license_family: BSD
  run_exports:
    weak:
    - libssh2 >=1.11.0,<2.0a0
  size: 271133
  timestamp: 1685837707056
- conda: https://conda.anaconda.org/conda-forge/linux-64/libstdcxx-15.2.0-h934c35e_19.conda
  sha256: dff1058c76ec6b8759e41cefa2508162d00e4a5e6721aa68ec3fd10094e702dc
  md5: 5794b3bdc38177caf969dabd3af08549
  depends:
  - __glibc >=2.17,<3.0.a0
  - libgcc 15.2.0 he0feb66_19
  constrains:
  - libstdcxx-ng ==15.2.0=*_19
  license: GPL-3.0-only WITH GCC-exception-3.1
  license_family: GPL
  run_exports: {}
  size: 5852044
  timestamp: 1778269036376
- conda: https://conda.anaconda.org/conda-forge/linux-64/libstdcxx-ng-15.2.0-hdf11a46_19.conda
  sha256: 0672b6b6e1791c92e8eccad58081a99d614fcf82bca5841f9dfa3c3e658f83b9
  md5: e5ce228e579726c07255dbf90dc62101
  depends:
  - libstdcxx 15.2.0 h934c35e_19
  license: GPL-3.0-only WITH GCC-exception-3.1
  license_family: GPL
  run_exports:
    strong:
    - libstdcxx
  size: 27776
  timestamp: 1778269074600
- conda: https://conda.anaconda.org/conda-forge/linux-64/libunistring-0.9.10-h7f98852_0.tar.bz2
  sha256: e88c45505921db29c08df3439ddb7f771bbff35f95e7d3103bf365d5d6ce2a6d
  md5: 7245a044b4a1980ed83196176b78b73a
  depends:
  - libgcc-ng >=9.3.0
  license: GPL-3.0-only OR LGPL-3.0-only
  run_exports:
    weak:
    - libunistring >=0,<1.0a0
  size: 1433436
  timestamp: 1626955018689
- conda: https://conda.anaconda.org/conda-forge/linux-64/libuuid-2.42.2-h5347b49_0.conda
  sha256: 9b1bdce27a7e31f7d241aeecff67a1f3101d52a2b1e33ccc2cdf2613072bf81f
  md5: 01bb81d12c957de066ea7362007df642
  depends:
  - libgcc >=14
  - __glibc >=2.17,<3.0.a0
  license: BSD-3-Clause
  license_family: BSD
  run_exports:
    weak:
    - libuuid >=2.42.2,<3.0a0
  size: 40017
  timestamp: 1781625522462
- conda: https://conda.anaconda.org/conda-forge/linux-64/libxcrypt-4.4.36-hd590300_1.conda
  sha256: 6ae68e0b86423ef188196fff6207ed0c8195dd84273cb5623b85aa08033a410c
  md5: 5aa797f8787fe7a17d1b0821485b5adc
  depends:
  - libgcc-ng >=12
  license: LGPL-2.1-or-later
  run_exports:
    weak:
    - libxcrypt >=4.4.36
  size: 100393
  timestamp: 1702724383534
- conda: https://conda.anaconda.org/conda-forge/linux-64/libzlib-1.2.13-h4ab18f5_6.conda
  sha256: 8ced4afed6322172182af503f21725d072a589a6eb918f8a58135c1e00d35980
  md5: 27329162c0dc732bcf67a4e0cd488125
  depends:
  - libgcc-ng >=12
  constrains:
  - zlib 1.2.13 *_6
  license: Zlib
  license_family: Other
  run_exports:
    weak:
    - libzlib >=1.2.13,<2.0a0
  size: 61571
  timestamp: 1716874066944
- conda: https://conda.anaconda.org/conda-forge/linux-64/mpi-1.0-openmpi.tar.bz2
  sha256: 54cf44ee2c122bce206f834a825af06e3b14fc4fd58c968ae9329715cc281d1e
  md5: 1dcc49e16749ff79ba2194fa5d4ca5e7
  license: BSD 3-clause
  run_exports: {}
  size: 4204
- conda: https://conda.anaconda.org/conda-forge/linux-64/ncbi-datasets-cli-18.33.1-ha770c72_0.conda
  sha256: 6ef53fc8e0a4502cd661c222fd52465a2f33ade4d832a2f9b1c9f63bf143aaf6
  md5: 3f5caecb75410d9719a445b6d183c6e5
  depends:
  - ca-certificates
  license: Public Domain
  run_exports: {}
  size: 17082065
  timestamp: 1783740725457
- conda: https://conda.anaconda.org/conda-forge/linux-64/ncurses-6.6-hdb14827_0.conda
  sha256: fc89f74bbe362fb29fa3c037697a89bec140b346a2469a90f7936d1d7ea4d8a3
  md5: fc21868a1a5aacc937e7a18747acb8a5
  depends:
  - __glibc >=2.17,<3.0.a0
  - libgcc >=14
  license: X11 AND BSD-3-Clause
  run_exports:
    weak:
    - ncurses >=6.6,<7.0a0
  size: 918956
  timestamp: 1777422145199
- conda: https://conda.anaconda.org/conda-forge/linux-64/numpy-2.5.1-py312h33ff503_0.conda
  sha256: 2941c4a5fee88fe1c91c0d95b65e3a292d078f6655b53ff60f4813a44349c83e
  md5: 3b7525d598ec0d0365ebd2378160a02f
  depends:
  - python
  - libstdcxx >=14
  - libgcc >=14
  - __glibc >=2.17,<3.0.a0
  - libcblas >=3.9.0,<4.0a0
  - python_abi 3.12.* *_cp312
  - liblapack >=3.9.0,<4.0a0
  - libblas >=3.9.0,<4.0a0
  constrains:
  - numpy-base <0a0
  license: BSD-3-Clause
  license_family: BSD
  run_exports:
    weak:
    - numpy >=1.25,<3
  size: 8929128
  timestamp: 1783206200235
- conda: https://conda.anaconda.org/conda-forge/linux-64/openmpi-4.1.6-hc5af2df_101.conda
  sha256: f0769dd891e1735be4606ec8643951e5cbca199f774e58c7d933f70a70134ce4
  md5: f9a2ad0088ee38f396350515fa37d243
  depends:
  - libgcc-ng >=12
  - libgfortran-ng
  - libgfortran5 >=12.3.0
  - libstdcxx-ng >=12
  - libzlib >=1.2.13,<2.0.0a0
  - mpi 1.0 openmpi
  - zlib
  constrains:
  - cudatoolkit  >= 10.2
  - ucx >=1.15.0,<2.0a0
  - libpmix ==0.0.0
  - libprrte ==0.0.0
  license: BSD-3-Clause
  license_family: BSD
  run_exports:
    weak:
    - openmpi >=4.1.6,<5.0a0
  size: 4069632
  timestamp: 1696593196408
- conda: https://conda.anaconda.org/conda-forge/linux-64/openssl-3.6.3-h35e630c_0.conda
  sha256: d48f5c22b9897c01e4dff3680f1f57ceb02711ab9c62f74339b080419dfad34b
  md5: 79dd2074b5cd5c5c6b2930514a11e22d
  depends:
  - __glibc >=2.17,<3.0.a0
  - ca-certificates
  - libgcc >=14
  license: Apache-2.0
  license_family: Apache
  run_exports:
    weak:
    - openssl >=3.6.3,<4.0a0
  size: 3159683
  timestamp: 1781069855778
- conda: https://conda.anaconda.org/conda-forge/linux-64/pcre-8.45-h9c3ff4c_0.tar.bz2
  sha256: 8f35c244b1631a4f31fb1d66ab6e1d9bfac0ca9b679deced1112c7225b3ad138
  md5: c05d1820a6d34ff07aaaab7a9b7eddaa
  depends:
  - libgcc-ng >=9.3.0
  - libstdcxx-ng >=9.3.0
  license: BSD-3-Clause
  license_family: BSD
  run_exports:
    weak:
    - pcre >=8.45,<9.0a0
  size: 259377
  timestamp: 1623788789327
- conda: https://conda.anaconda.org/conda-forge/linux-64/perl-5.32.1-7_hd590300_perl5.conda
  build_number: 7
  sha256: 9ec32b6936b0e37bcb0ed34f22ec3116e75b3c0964f9f50ecea5f58734ed6ce9
  md5: f2cfec9406850991f4e3d960cc9e3321
  depends:
  - libgcc-ng >=12
  - libxcrypt >=4.4.36
  license: GPL-1.0-or-later OR Artistic-1.0-Perl
  run_exports:
    weak:
    - perl >=5.32.1,<5.33.0a0 *_perl5
    noarch:
    - perl >=5.32.1,<6.0a0 *_perl5
  size: 13344463
  timestamp: 1703310653947
- conda: https://conda.anaconda.org/conda-forge/linux-64/perl-compress-raw-bzip2-2.214-pl5321hda65f42_0.conda
  sha256: 2cbd3fcb7028415654057ab3142cee1e5cc4cf9bdd0e590f072e8ecd29cb6382
  md5: 1ec33b9f74a71c17cc5579e35027832a
  depends:
  - __glibc >=2.17,<3.0.a0
  - libgcc >=14
  - perl >=5.32.1,<5.33.0a0 *_perl5
  license: GPL-1.0-or-later OR Artistic-1.0-Perl
  license_family: OTHER
  run_exports: {}
  size: 55733
  timestamp: 1761332551110
- conda: https://conda.anaconda.org/conda-forge/linux-64/perl-compress-raw-zlib-2.214-pl5321h4dac143_0.conda
  sha256: 4fd3a11f8dbd2c9d1a1c5547e344ad20412a3f0d36967502d9764e1b2734dd47
  md5: 943e7033e6f709adf0d89a3af51ab81b
  depends:
  - __glibc >=2.17,<3.0.a0
  - libgcc >=14
  - perl >=5.32.1,<5.33.0a0 *_perl5
  license: GPL-1.0-or-later OR Artistic-1.0-Perl
  license_family: OTHER
  run_exports: {}
  size: 81114
  timestamp: 1761332700914
- conda: https://conda.anaconda.org/conda-forge/linux-64/perl-encode-3.24-pl5321hb03c661_0.conda
  sha256: c83d8de38ce43ca15af05f76bc933ff76894aef84baed47300e463dae0c11857
  md5: 35776d4c5766e9d98754d1e7530c2961
  depends:
  - __glibc >=2.17,<3.0.a0
  - libgcc >=14
  - perl >=5.32.1,<5.33.0a0 *_perl5
  - perl-exporter
  - perl-parent
  - perl-storable
  license: GPL-1.0-or-later OR Artistic-1.0-Perl
  run_exports: {}
  size: 1725053
  timestamp: 1780396038421
- conda: https://conda.anaconda.org/conda-forge/linux-64/perl-pathtools-3.75-pl5321hb9d3cd8_2.conda
  sha256: a80bc265aa749ae03fdd6d5f2098312ea6f43cc193ea7aba0e6e4304d84ce8c0
  md5: 03d88c89dfac8a26adcdeff242f94007
  depends:
  - __glibc >=2.17,<3.0.a0
  - libgcc >=13
  - perl >=5.32.1,<5.33.0a0 *_perl5
  - perl-carp
  license: GPL-1.0-or-later OR Artistic-1.0-Perl
  license_family: OTHER
  run_exports: {}
  size: 50681
  timestamp: 1741783312134
- conda: https://conda.anaconda.org/conda-forge/linux-64/perl-scalar-list-utils-1.70-pl5321hb03c661_0.conda
  sha256: 00678b34a57df53fa31585ff1579f42a6dfc8b1b059fd1b386c6e89573959a9f
  md5: 046486011bf7674e3c2f2a1513ac4f3d
  depends:
  - __glibc >=2.17,<3.0.a0
  - libgcc >=14
  - perl >=5.32.1,<5.33.0a0 *_perl5
  license: GPL-1.0-or-later OR Artistic-1.0-Perl
  license_family: OTHER
  run_exports: {}
  size: 51958
  timestamp: 1753965684679
- conda: https://conda.anaconda.org/conda-forge/linux-64/perl-storable-3.15-pl5321hb9d3cd8_2.conda
  sha256: 25beba40154a394189d0ff2afd31683d79c9106d47e77e12d20900d053dffaf6
  md5: 212f63a5c7c753ecf0a74c349b9270c5
  depends:
  - __glibc >=2.17,<3.0.a0
  - libgcc >=13
  - perl >=5.32.1,<5.33.0a0 *_perl5
  license: GPL-1.0-or-later OR Artistic-1.0-Perl
  license_family: OTHER
  run_exports: {}
  size: 71475
  timestamp: 1741353849888
- conda: https://conda.anaconda.org/conda-forge/linux-64/python-3.12.3-hab00c5b_0_cpython.conda
  sha256: f9865bcbff69f15fd89a33a2da12ad616e98d65ce7c83c644b92e66e5016b227
  md5: 2540b74d304f71d3e89c81209db4db84
  depends:
  - bzip2 >=1.0.8,<2.0a0
  - ld_impl_linux-64 >=2.36.1
  - libexpat >=2.6.2,<3.0a0
  - libffi >=3.4,<4.0a0
  - libgcc-ng >=12
  - libnsl >=2.0.1,<2.1.0a0
  - libsqlite >=3.45.2,<4.0a0
  - libuuid >=2.38.1,<3.0a0
  - libxcrypt >=4.4.36
  - libzlib >=1.2.13,<2.0.0a0
  - ncurses >=6.4.20240210,<7.0a0
  - openssl >=3.2.1,<4.0a0
  - readline >=8.2,<9.0a0
  - tk >=8.6.13,<8.7.0a0
  - tzdata
  - xz >=5.2.6,<6.0a0
  constrains:
  - python_abi 3.12.* *_cp312
  license: Python-2.0
  run_exports:
    weak:
    - python_abi 3.12.* *_cp312
    noarch:
    - python
  size: 31991381
  timestamp: 1713208036041
- conda: https://conda.anaconda.org/conda-forge/linux-64/readline-8.3-h853b02a_0.conda
  sha256: 12ffde5a6f958e285aa22c191ca01bbd3d6e710aa852e00618fa6ddc59149002
  md5: d7d95fc8287ea7bf33e0e7116d2b95ec
  depends:
  - __glibc >=2.17,<3.0.a0
  - libgcc >=14
  - ncurses >=6.5,<7.0a0
  license: GPL-3.0-only
  license_family: GPL
  run_exports:
    weak:
    - readline >=8.3,<9.0a0
  size: 345073
  timestamp: 1765813471974
- conda: https://conda.anaconda.org/conda-forge/linux-64/tk-8.6.13-noxft_h4845f30_101.conda
  sha256: e0569c9caa68bf476bead1bed3d79650bb080b532c64a4af7d8ca286c08dea4e
  md5: d453b98d9c83e71da0741bb0ff4d76bc
  depends:
  - libgcc-ng >=12
  - libzlib >=1.2.13,<2.0.0a0
  license: TCL
  license_family: BSD
  run_exports:
    weak:
    - tk >=8.6.13,<8.7.0a0
  size: 3318875
  timestamp: 1699202167581
- conda: https://conda.anaconda.org/conda-forge/linux-64/wget-1.21.4-hda4d442_0.conda
  sha256: 70df4ac8cca488618458af4705706551cef7e402bac9c2c41dd17148f60cbd1f
  md5: 361e96b664eac64a33c20dfd11affbff
  depends:
  - libgcc-ng >=12
  - libidn2 >=2,<3.0a0
  - libunistring >=0,<1.0a0
  - libzlib >=1.2.13,<2.0.0a0
  - openssl >=3.2.1,<4.0a0
  - zlib
  license: GPL-3.0-or-later
  license_family: GPL
  run_exports: {}
  size: 770380
  timestamp: 1710770110704
- conda: https://conda.anaconda.org/conda-forge/linux-64/xz-5.8.3-ha02ee65_0.conda
  sha256: 2553fd3ec0a1020b2ca05ca10b0036a596cb0d4bf3645922fcf69dacce0e6679
  md5: 6a1b6af49a334e4e06b9f103367762bf
  depends:
  - __glibc >=2.17,<3.0.a0
  - libgcc >=14
  - liblzma 5.8.3 hb03c661_0
  - liblzma-devel 5.8.3 hb03c661_0
  - xz-gpl-tools 5.8.3 ha02ee65_0
  - xz-tools 5.8.3 hb03c661_0
  license: 0BSD AND LGPL-2.1-or-later AND GPL-2.0-or-later
  run_exports:
    weak:
    - liblzma >=5.8.3,<6.0a0
  size: 24360
  timestamp: 1775825568523
- conda: https://conda.anaconda.org/conda-forge/linux-64/xz-gpl-tools-5.8.3-ha02ee65_0.conda
  sha256: 8f139666ea18dc8340a44a54056627dd4e89e242e8cd136ab2467d6dc2c192ba
  md5: 8f5e2c6726c1339287a3c76a2c138ac7
  depends:
  - __glibc >=2.17,<3.0.a0
  - libgcc >=14
  - liblzma 5.8.3 hb03c661_0
  constrains:
  - xz 5.8.3.*
  license: 0BSD AND LGPL-2.1-or-later AND GPL-2.0-or-later
  run_exports:
    weak:
    - liblzma >=5.8.3,<6.0a0
  size: 34213
  timestamp: 1775825548743
- conda: https://conda.anaconda.org/conda-forge/linux-64/xz-tools-5.8.3-hb03c661_0.conda
  sha256: 162ebd76803464b8c8ebc7d45df32edf0ec717b3bf369a437ae3b0254f22dc2e
  md5: b62b615caa60812640f24db3a8d0fc87
  depends:
  - __glibc >=2.17,<3.0.a0
  - libgcc >=14
  - liblzma 5.8.3 hb03c661_0
  constrains:
  - xz 5.8.3.*
  license: 0BSD AND LGPL-2.1-or-later
  run_exports: {}
  size: 95955
  timestamp: 1775825530484
- conda: https://conda.anaconda.org/conda-forge/linux-64/zlib-1.2.13-h4ab18f5_6.conda
  sha256: 534824ea44939f3e59ca8ebb95e3ece6f50f9d2a0e69999fbc692311252ed6ac
  md5: 559d338a4234c2ad6e676f460a093e67
  depends:
  - libgcc-ng >=12
  - libzlib 1.2.13 h4ab18f5_6
  license: Zlib
  license_family: Other
  run_exports:
    weak:
    - libzlib >=1.2.13,<2.0a0
  size: 92883
  timestamp: 1716874088980
- conda: https://conda.anaconda.org/conda-forge/linux-64/zstd-1.5.6-ha6fb4c9_0.conda
  sha256: c558b9cc01d9c1444031bd1ce4b9cff86f9085765f17627a6cd85fc623c8a02b
  md5: 4d056880988120e29d75bfff282e0f45
  depends:
  - libgcc-ng >=12
  - libstdcxx-ng >=12
  - libzlib >=1.2.13,<2.0.0a0
  license: BSD-3-Clause
  license_family: BSD
  run_exports:
    weak:
    - zstd >=1.5.6,<1.6.0a0
  size: 554846
  timestamp: 1714722996770
- conda: https://conda.anaconda.org/conda-forge/noarch/ca-certificates-2026.7.22-hbd8a1cb_0.conda
  sha256: 0a0544cf95f64394fe4959286f5c71f5444ad58feb0602e53becb27448d24da6
  md5: 0f51e2391ade309db462a55611263e9c
  depends:
  - __unix
  license: ISC
  run_exports: {}
  size: 131780
  timestamp: 1784754889428
- conda: https://conda.anaconda.org/conda-forge/noarch/colorama-0.4.6-pyhd8ed1ab_1.conda
  sha256: ab29d57dc70786c1269633ba3dff20288b81664d3ff8d21af995742e2bb03287
  md5: 962b9857ee8e7018c22f2776ffa0b2d7
  depends:
  - python >=3.9
  license: BSD-3-Clause
  license_family: BSD
  run_exports: {}
  size: 27011
  timestamp: 1733218222191
- conda: https://conda.anaconda.org/conda-forge/noarch/exceptiongroup-1.3.1-pyhd8ed1ab_0.conda
  sha256: ee6cf346d017d954255bbcbdb424cddea4d14e4ed7e9813e429db1d795d01144
  md5: 8e662bd460bda79b1ea39194e3c4c9ab
  depends:
  - python >=3.10
  - typing_extensions >=4.6.0
  license: MIT and PSF-2.0
  run_exports: {}
  size: 21333
  timestamp: 1763918099466
- conda: https://conda.anaconda.org/conda-forge/noarch/iniconfig-2.3.0-pyhd8ed1ab_0.conda
  sha256: e1a9e3b1c8fe62dc3932a616c284b5d8cbe3124bbfbedcf4ce5c828cb166ee19
  md5: 9614359868482abba1bd15ce465e3c42
  depends:
  - python >=3.10
  license: MIT
  license_family: MIT
  run_exports: {}
  size: 13387
  timestamp: 1760831448842
- conda: https://conda.anaconda.org/conda-forge/noarch/packaging-26.2-pyhc364b38_0.conda
  sha256: 3906abfb6511a3bb309e39b9b1b7bc38f50a723971de2395489fd1f379255890
  md5: 4c06a92e74452cfa53623a81592e8934
  depends:
  - python >=3.8
  - python
  license: Apache-2.0
  license_family: APACHE
  run_exports: {}
  size: 91574
  timestamp: 1777103621679
- conda: https://conda.anaconda.org/conda-forge/noarch/perl-carp-1.50-pl5321hd8ed1ab_0.tar.bz2
  sha256: 1981e31113e1e77a2cdc13db657c636f047cd3be2a64d9a0bffac03c5427c1bd
  md5: bdddc03e28019b902da71b722f2288d7
  depends:
  - perl >=5.32.1,<6.0a0 *_perl5
  - perl-exporter
  - perl-extutils-makemaker
  license: GPL-1.0-or-later OR Artistic-1.0-Perl
  license_family: OTHER
  run_exports: {}
  size: 22257
  timestamp: 1636653208008
- conda: https://conda.anaconda.org/conda-forge/noarch/perl-common-sense-3.75-pl5321hd8ed1ab_0.tar.bz2
  sha256: 38ef218e9b9d55b9fbdce6b31cf81bcf6f1b16f21b8e7cb9279b41399522a320
  md5: ef70dc77e8b10bbb62f5e843b401ef0e
  depends:
  - perl >=5.32.1,<6.0a0 *_perl5
  license: GPL-1.0-or-later OR Artistic-1.0-Perl
  license_family: OTHER
  run_exports: {}
  size: 20291
  timestamp: 1660429950685
- conda: https://conda.anaconda.org/conda-forge/noarch/perl-exporter-5.74-pl5321hd8ed1ab_0.tar.bz2
  sha256: 42271d0b79043a10a89044acb5febea50046b745dd2fc37e02943bc3bc75bf8e
  md5: fd2eac4e35f8c970870a3961c1df3e29
  depends:
  - perl >=5.32.1,<6.0a0 *_perl5
  license: GPL-1.0-or-later OR Artistic-1.0-Perl
  license_family: OTHER
  run_exports: {}
  size: 19071
  timestamp: 1636696009075
- conda: https://conda.anaconda.org/conda-forge/noarch/perl-exporter-tiny-1.002002-pl5321hd8ed1ab_0.tar.bz2
  sha256: abdf86828a12a389d0feb0d70501b267842557bae11820e266526aeb6ab2bebe
  md5: 48d709826875be1f2c108d3d1d8efec7
  depends:
  - perl >=5.32.1,<6.0a0 *_perl5
  license: GPL-1.0-or-later OR Artistic-1.0-Perl
  license_family: OTHER
  run_exports: {}
  size: 28592
  timestamp: 1660341479867
- conda: https://conda.anaconda.org/conda-forge/noarch/perl-extutils-makemaker-7.70-pl5321hd8ed1ab_0.conda
  sha256: 1d3f342ca74cf2948c3edcfe0d3367b1db0fc64bb163393a2e025336dec3a40c
  md5: ec3e57ed34f7765bfc7054a05868ce5d
  depends:
  - perl >=5.32.1,<6.0a0 *_perl5
  license: GPL-1.0-or-later OR Artistic-1.0-Perl
  license_family: OTHER
  run_exports: {}
  size: 157323
  timestamp: 1679847836884
- conda: https://conda.anaconda.org/conda-forge/noarch/perl-parent-0.243-pl5321hd8ed1ab_0.conda
  sha256: ec57d9e56ba86d840d5a9e65c665365fb6a290851cd13e6719628f3295eabf34
  md5: 314caa3b72d65f8078d426c6721dcacc
  depends:
  - perl >=5.32.1,<6.0a0 *_perl5
  license: GPL-1.0-or-later OR Artistic-1.0-Perl
  license_family: OTHER
  run_exports: {}
  size: 13933
  timestamp: 1733429736293
- conda: https://conda.anaconda.org/conda-forge/noarch/pluggy-1.6.0-pyhf9edf01_1.conda
  sha256: e14aafa63efa0528ca99ba568eaf506eb55a0371d12e6250aaaa61718d2eb62e
  md5: d7585b6550ad04c8c5e21097ada2888e
  depends:
  - python >=3.9
  - python
  license: MIT
  license_family: MIT
  run_exports: {}
  size: 25877
  timestamp: 1764896838868
- conda: https://conda.anaconda.org/conda-forge/noarch/pygments-2.20.0-pyhd8ed1ab_0.conda
  sha256: cf70b2f5ad9ae472b71235e5c8a736c9316df3705746de419b59d442e8348e86
  md5: 16c18772b340887160c79a6acc022db0
  depends:
  - python >=3.10
  license: BSD-2-Clause
  license_family: BSD
  run_exports: {}
  size: 893031
  timestamp: 1774796815820
- conda: https://conda.anaconda.org/conda-forge/noarch/pytest-8.4.2-pyhcf101f3_1.conda
  sha256: 39f41a52eb6f927caf5cd42a2ff98a09bb850ce9758b432869374b6253826962
  md5: da0c42269086f5170e2b296878ec13a6
  depends:
  - pygments >=2.7.2
  - python >=3.10
  - iniconfig >=1
  - packaging >=20
  - pluggy >=1.5,<2
  - tomli >=1
  - colorama >=0.4
  - exceptiongroup >=1
  - python
  constrains:
  - pytest-faulthandler >=2
  license: MIT
  license_family: MIT
  run_exports: {}
  size: 294852
  timestamp: 1762354779909
- conda: https://conda.anaconda.org/conda-forge/noarch/python_abi-3.12-8_cp312.conda
  build_number: 8
  sha256: 80677180dd3c22deb7426ca89d6203f1c7f1f256f2d5a94dc210f6e758229809
  md5: c3efd25ac4d74b1584d2f7a57195ddf1
  constrains:
  - python 3.12.* *_cpython
  license: BSD-3-Clause
  license_family: BSD
  run_exports: {}
  size: 6958
  timestamp: 1752805918820
- conda: https://conda.anaconda.org/conda-forge/noarch/tomli-2.4.1-pyhcf101f3_0.conda
  sha256: 91cafdb64268e43e0e10d30bd1bef5af392e69f00edd34dfaf909f69ab2da6bd
  md5: b5325cf06a000c5b14970462ff5e4d58
  depends:
  - python >=3.10
  - python
  license: MIT
  license_family: MIT
  run_exports: {}
  size: 21561
  timestamp: 1774492402955
- conda: https://conda.anaconda.org/conda-forge/noarch/typing_extensions-4.16.0-pyhcf101f3_0.conda
  sha256: 2d888f90af0686044882c74193ec80a90ec1943145d94a7b1b048958acda1848
  md5: c70ad746c22219b9700931707482992c
  depends:
  - python >=3.10
  - python
  license: PSF-2.0
  license_family: PSF
  run_exports: {}
  size: 52631
  timestamp: 1783002732887
- conda: https://conda.anaconda.org/conda-forge/noarch/tzdata-2026c-h151e31d_0.conda
  sha256: b928c30ddcb0e3f544c6eade8352737e6e610e263276b90232db6a578ef899d8
  md5: fcb489df604d100968b737f2cb6076c6
  license: LicenseRef-Public-Domain
  run_exports: {}
  size: 118849
  timestamp: 1784250406640
